{
  "name": "interviewer",
  "lockfileVersion": 3,
  "requires": true,
  "packages": {
    "": {
      "name": "interviewer",
      "dependencies": {
        "@langchain/langgraph": "^1.4.4",
        "@langchain/ollama": "^1.3.0",
        "langchain": "^1.5.0"
      },
      "devDependencies": {
        "@types/bun": "latest"
      },
      "peerDependencies": {
        "typescript": "^5"
      }
    },
    "node_modules/@cfworker/json-schema": {
      "version": "4.1.1",
      "license": "MIT",
      "peer": true
    },
    "node_modules/@langchain/core": {
      "version": "1.2.0",
      "license": "MIT",
      "peer": true,
      "dependencies": {
        "@cfworker/json-schema": "^4.0.2",
        "@standard-schema/spec": "^1.1.0",
        "js-tiktoken": "^1.0.12",
        "langsmith": ">=0.5.0 <1.0.0",
        "mustache": "^4.2.0",
        "p-queue": "^6.6.2",
        "zod": "^3.25.76 || ^4"
      },
      "engines": {
        "node": ">=20"
      }
    },
    "node_modules/@langchain/core/node_modules/p-queue": {
      "version": "6.6.2",
      "license": "MIT",
      "peer": true,
      "dependencies": {
        "eventemitter3": "^4.0.4",
        "p-timeout": "^3.2.0"
      },
      "engines": {
        "node": ">=8"
      },
      "funding": {
        "url": "https://github.com/sponsors/sindresorhus"
      }
    },
    "node_modules/@langchain/core/node_modules/p-queue/node_modules/eventemitter3": {
      "version": "4.0.7",
      "license": "MIT",
      "peer": true
    },
    "node_modules/@langchain/core/node_modules/p-queue/node_modules/p-timeout": {
      "version": "3.2.0",
      "license": "MIT",
      "peer": true,
      "dependencies": {
        "p-finally": "^1.0.0"
      },
      "engines": {
        "node": ">=8"
      }
    },
    "node_modules/@langchain/langgraph": {
      "version": "1.4.4",
      "resolved": "https://registry.npmjs.org/@langchain/langgraph/-/langgraph-1.4.4.tgz",
      "integrity": "sha512-20p+/xHRIUIEkk6dsoA576X7D5+FY+LkShsGjBpKrwATzQU0IJ2dfpBaP+4Z4wwpL9ArpDxjoRQR58kycdxU8A==",
      "license": "MIT",
      "dependencies": {
        "@langchain/langgraph-checkpoint": "^1.1.2",
        "@langchain/langgraph-sdk": "~1.9.23",
        "@langchain/protocol": "^0.0.16",
        "@standard-schema/spec": "1.1.0"
      },
      "engines": {
        "node": ">=18"
      },
      "peerDependencies": {
        "@langchain/core": "^1.1.48",
        "zod": "^3.25.32 || ^4.2.0",
        "zod-to-json-schema": "^3.x"
      },
      "peerDependenciesMeta": {
        "zod-to-json-schema": {
          "optional": true
        }
      }
    },
    "node_modules/@langchain/langgraph-checkpoint": {
      "version": "1.1.2",
      "license": "MIT",
      "engines": {
        "node": ">=18"
      },
      "peerDependencies": {
        "@langchain/core": "^1.1.48"
      }
    },
    "node_modules/@langchain/langgraph-sdk": {
      "version": "1.9.23",
      "license": "MIT",
      "dependencies": {
        "@langchain/protocol": "^0.0.16",
        "@types/json-schema": "^7.0.15",
        "p-queue": "^9.0.1",
        "p-retry": "^7.1.1"
      },
      "peerDependencies": {
        "@langchain/core": "^1.1.48",
        "react": "^18 || ^19",
        "react-dom": "^18 || ^19",
        "svelte": "^4.0.0 || ^5.0.0",
        "vue": "^3.0.0"
      },
      "peerDependenciesMeta": {
        "react": {
          "optional": true
        },
        "react-dom": {
          "optional": true
        },
        "svelte": {
          "optional": true
        },
        "vue": {
          "optional": true
        }
      }
    },
    "node_modules/@langchain/ollama": {
      "version": "1.3.0",
      "resolved": "https://registry.npmjs.org/@langchain/ollama/-/ollama-1.3.0.tgz",
      "integrity": "sha512-uzLkZVTXN0SI5zAoJbJzL4y/QN7gbmJ1txBgFfqJ5M0Qf+Yu2Zu8q98L3jIrfM+akWMaNmRU4R4APhcfQmeIsw==",
      "license": "MIT",
      "dependencies": {
        "ollama": "^0.6.3"
      },
      "engines": {
        "node": ">=20"
      },
      "peerDependencies": {
        "@langchain/core": "^1.0.0"
      }
    },
    "node_modules/@langchain/protocol": {
      "version": "0.0.16",
      "license": "MIT"
    },
    "node_modules/@standard-schema/spec": {
      "version": "1.1.0",
      "license": "MIT"
    },
    "node_modules/@types/bun": {
      "version": "1.3.14",
      "resolved": "https://registry.npmjs.org/@types/bun/-/bun-1.3.14.tgz",
      "integrity": "sha512-h1hFqFVcvAvD9j9K7ZW7vd82aSA+rTdznZa+5bwvCwqSB1jmmfLcbIWhOLx1/+boy/xmjgCs/OMUL8hRJSmnPw==",
      "dev": true,
      "license": "MIT",
      "dependencies": {
        "bun-types": "1.3.14"
      }
    },
    "node_modules/@types/json-schema": {
      "version": "7.0.15",
      "license": "MIT"
    },
    "node_modules/@types/node": {
      "version": "26.0.0",
      "dev": true,
      "license": "MIT",
      "dependencies": {
        "undici-types": "~8.3.0"
      }
    },
    "node_modules/base64-js": {
      "version": "1.5.1",
      "funding": [
        {
          "type": "github",
          "url": "https://github.com/sponsors/feross"
        },
        {
          "type": "patreon",
          "url": "https://www.patreon.com/feross"
        },
        {
          "type": "consulting",
          "url": "https://feross.org/support"
        }
      ],
      "license": "MIT",
      "peer": true
    },
    "node_modules/bun-types": {
      "version": "1.3.14",
      "dev": true,
      "license": "MIT",
      "dependencies": {
        "@types/node": "*"
      }
    },
    "node_modules/eventemitter3": {
      "version": "5.0.4",
      "license": "MIT"
    },
    "node_modules/is-network-error": {
      "version": "1.3.2",
      "license": "MIT",
      "engines": {
        "node": ">=16"
      },
      "funding": {
        "url": "https://github.com/sponsors/sindresorhus"
      }
    },
    "node_modules/js-tiktoken": {
      "version": "1.0.21",
      "license": "MIT",
      "peer": true,
      "dependencies": {
        "base64-js": "^1.5.1"
      }
    },
    "node_modules/langchain": {
      "version": "1.5.0",
      "resolved": "https://registry.npmjs.org/langchain/-/langchain-1.5.0.tgz",
      "integrity": "sha512-7xc4JXynyRH64McYVw0Pb6wFGi8gkYDr1UmTKu8otO3tG86VyHE0jjd2ICqyJP10wpV6NHoSXFIZQI1bF+JrRw==",
      "license": "MIT",
      "dependencies": {
        "@langchain/langgraph": "^1.4.4",
        "@langchain/langgraph-checkpoint": "^1.1.2",
        "langsmith": ">=0.5.0 <1.0.0",
        "zod": "^3.25.76 || ^4"
      },
      "engines": {
        "node": ">=20"
      },
      "peerDependencies": {
        "@langchain/core": "^1.2.0"
      }
    },
    "node_modules/langsmith": {
      "version": "0.7.10",
      "license": "MIT",
      "dependencies": {
        "p-queue": "6.6.2"
      },
      "peerDependencies": {
        "@opentelemetry/api": "*",
        "@opentelemetry/exporter-trace-otlp-proto": "*",
        "@opentelemetry/sdk-trace-base": "*",
        "openai": "*",
        "ws": ">=7"
      },
      "peerDependenciesMeta": {
        "@opentelemetry/api": {
          "optional": true
        },
        "@opentelemetry/exporter-trace-otlp-proto": {
          "optional": true
        },
        "@opentelemetry/sdk-trace-base": {
          "optional": true
        },
        "openai": {
          "optional": true
        },
        "ws": {
          "optional": true
        }
      }
    },
    "node_modules/langsmith/node_modules/p-queue": {
      "version": "6.6.2",
      "license": "MIT",
      "dependencies": {
        "eventemitter3": "^4.0.4",
        "p-timeout": "^3.2.0"
      },
      "engines": {
        "node": ">=8"
      },
      "funding": {
        "url": "https://github.com/sponsors/sindresorhus"
      }
    },
    "node_modules/langsmith/node_modules/p-queue/node_modules/eventemitter3": {
      "version": "4.0.7",
      "license": "MIT"
    },
    "node_modules/langsmith/node_modules/p-queue/node_modules/p-timeout": {
      "version": "3.2.0",
      "license": "MIT",
      "dependencies": {
        "p-finally": "^1.0.0"
      },
      "engines": {
        "node": ">=8"
      }
    },
    "node_modules/mustache": {
      "version": "4.2.0",
      "license": "MIT",
      "peer": true,
      "bin": {
        "mustache": "bin/mustache"
      }
    },
    "node_modules/ollama": {
      "version": "0.6.3",
      "license": "MIT",
      "dependencies": {
        "whatwg-fetch": "^3.6.20"
      }
    },
    "node_modules/p-finally": {
      "version": "1.0.0",
      "license": "MIT",
      "engines": {
        "node": ">=4"
      }
    },
    "node_modules/p-queue": {
      "version": "9.3.0",
      "license": "MIT",
      "dependencies": {
        "eventemitter3": "^5.0.4",
        "p-timeout": "^7.0.0"
      },
      "engines": {
        "node": ">=20"
      },
      "funding": {
        "url": "https://github.com/sponsors/sindresorhus"
      }
    },
    "node_modules/p-retry": {
      "version": "7.1.1",
      "license": "MIT",
      "dependencies": {
        "is-network-error": "^1.1.0"
      },
      "engines": {
        "node": ">=20"
      },
      "funding": {
        "url": "https://github.com/sponsors/sindresorhus"
      }
    },
    "node_modules/p-timeout": {
      "version": "7.0.1",
      "license": "MIT",
      "engines": {
        "node": ">=20"
      },
      "funding": {
        "url": "https://github.com/sponsors/sindresorhus"
      }
    },
    "node_modules/typescript": {
      "version": "5.9.3",
      "license": "Apache-2.0",
      "peer": true,
      "bin": {
        "tsc": "bin/tsc",
        "tsserver": "bin/tsserver"
      },
      "engines": {
        "node": ">=14.17"
      }
    },
    "node_modules/undici-types": {
      "version": "8.3.0",
      "dev": true,
      "license": "MIT"
    },
    "node_modules/whatwg-fetch": {
      "version": "3.6.20",
      "license": "MIT"
    },
    "node_modules/zod": {
      "version": "4.4.3",
      "license": "MIT",
      "funding": {
        "url": "https://github.com/sponsors/colinhacks"
      }
    }
  }
}
